
Microsoft Visual Studio Solution File, Format Version 12.00
# Visual Studio 14
VisualStudioVersion = 14.0.25123.0
MinimumVisualStudioVersion = 10.0.40219.1
Project("{151D2E53-A2C4-4D7D-83FE-D05416EBD58E}") = "kafka-on-redhat", "kafka-on-redhat\kafka-on-redhat.deployproj", "{3E46ED86-6259-46FA-962B-C0DDD72FFD09}"
EndProject
Project("{151D2E53-A2C4-4D7D-83FE-D05416EBD58E}") = "kafka-on-redhat-vmss", "kafka-on-redhat-vmss\kafka-on-redhat-vmss.deployproj", "{746F7ED2-AF4A-449B-9EB4-CD1557DE7039}"
EndProject
Global
	GlobalSection(SolutionConfigurationPlatforms) = preSolution
		Debug|Any CPU = Debug|Any CPU
		Release|Any CPU = Release|Any CPU
	EndGlobalSection
	GlobalSection(ProjectConfigurationPlatforms) = postSolution
		{3E46ED86-6259-46FA-962B-C0DDD72FFD09}.Debug|Any CPU.ActiveCfg = Debug|Any CPU
		{3E46ED86-6259-46FA-962B-C0DDD72FFD09}.Debug|Any CPU.Build.0 = Debug|Any CPU
		{3E46ED86-6259-46FA-962B-C0DDD72FFD09}.Release|Any CPU.ActiveCfg = Release|Any CPU
		{3E46ED86-6259-46FA-962B-C0DDD72FFD09}.Release|Any CPU.Build.0 = Release|Any CPU
		{746F7ED2-AF4A-449B-9EB4-CD1557DE7039}.Debug|Any CPU.ActiveCfg = Debug|Any CPU
		{746F7ED2-AF4A-449B-9EB4-CD1557DE7039}.Debug|Any CPU.Build.0 = Debug|Any CPU
		{746F7ED2-AF4A-449B-9EB4-CD1557DE7039}.Release|Any CPU.ActiveCfg = Release|Any CPU
		{746F7ED2-AF4A-449B-9EB4-CD1557DE7039}.Release|Any CPU.Build.0 = Release|Any CPU
	EndGlobalSection
	GlobalSection(SolutionProperties) = preSolution
		HideSolutionNode = FALSE
	EndGlobalSection
EndGlobal
